
Microsoft Visual Studio Solution File, Format Version 12.00
# Visual Studio Version 16
VisualStudioVersion = 16.0.809.9
MinimumVisualStudioVersion = 10.0.40219.1
Project("{FAE04EC0-301F-11D3-BF4B-00C04F79EFBC}") = "RouseChallenge", "RouseChallenge\RouseChallenge.csproj", "{4C9782AC-522C-4C2F-BEC2-6C347266429C}"
EndProject
Project("{FAE04EC0-301F-11D3-BF4B-00C04F79EFBC}") = "MarketAuction.Api", "MarketAuction.Api\MarketAuction.Api.csproj", "{3BE8C757-EF1D-4CD8-9103-D20644731EF9}"
EndProject
Global
	GlobalSection(SolutionConfigurationPlatforms) = preSolution
		Debug|Any CPU = Debug|Any CPU
		Release|Any CPU = Release|Any CPU
	EndGlobalSection
	GlobalSection(ProjectConfigurationPlatforms) = postSolution
		{4C9782AC-522C-4C2F-BEC2-6C347266429C}.Debug|Any CPU.ActiveCfg = Debug|Any CPU
		{4C9782AC-522C-4C2F-BEC2-6C347266429C}.Debug|Any CPU.Build.0 = Debug|Any CPU
		{4C9782AC-522C-4C2F-BEC2-6C347266429C}.Release|Any CPU.ActiveCfg = Release|Any CPU
		{4C9782AC-522C-4C2F-BEC2-6C347266429C}.Release|Any CPU.Build.0 = Release|Any CPU
		{3BE8C757-EF1D-4CD8-9103-D20644731EF9}.Debug|Any CPU.ActiveCfg = Debug|Any CPU
		{3BE8C757-EF1D-4CD8-9103-D20644731EF9}.Debug|Any CPU.Build.0 = Debug|Any CPU
		{3BE8C757-EF1D-4CD8-9103-D20644731EF9}.Release|Any CPU.ActiveCfg = Release|Any CPU
		{3BE8C757-EF1D-4CD8-9103-D20644731EF9}.Release|Any CPU.Build.0 = Release|Any CPU
	EndGlobalSection
	GlobalSection(SolutionProperties) = preSolution
		HideSolutionNode = FALSE
	EndGlobalSection
	GlobalSection(ExtensibilityGlobals) = postSolution
		SolutionGuid = {DAD3C787-3E39-4D71-9BD4-9800B43A5507}
	EndGlobalSection
EndGlobal
